
Microsoft Visual Studio Solution File, Format Version 12.00
# Visual Studio Version 17
VisualStudioVersion = 17.4.33110.190
MinimumVisualStudioVersion = 10.0.40219.1
Project("{9A19103F-16F7-4668-BE54-9A1E7A4F7556}") = "Vortice.GPU", "src\Vortice.GPU\Vortice.GPU.csproj", "{94C91200-B437-479B-8884-A122B5F6403C}"
EndProject
Project("{2150E333-8FDC-42A3-9474-1A3956D46DE8}") = ".root", ".root", "{202E03FF-E6A1-46AB-A185-9E6E25E81B85}"
	ProjectSection(SolutionItems) = preProject
		.editorconfig = .editorconfig
		.gitattributes = .gitattributes
		.gitignore = .gitignore
		Directory.Build.props = Directory.Build.props
		Directory.Build.targets = Directory.Build.targets
		Directory.Packages.props = Directory.Packages.props
		global.json = global.json
		LICENSE = LICENSE
		NuGet.config = NuGet.config
		README.md = README.md
	EndProjectSection
EndProject
Global
	GlobalSection(SolutionConfigurationPlatforms) = preSolution
		Debug|Any CPU = Debug|Any CPU
		Release|Any CPU = Release|Any CPU
	EndGlobalSection
	GlobalSection(ProjectConfigurationPlatforms) = postSolution
		{94C91200-B437-479B-8884-A122B5F6403C}.Debug|Any CPU.ActiveCfg = Debug|Any CPU
		{94C91200-B437-479B-8884-A122B5F6403C}.Debug|Any CPU.Build.0 = Debug|Any CPU
		{94C91200-B437-479B-8884-A122B5F6403C}.Release|Any CPU.ActiveCfg = Release|Any CPU
		{94C91200-B437-479B-8884-A122B5F6403C}.Release|Any CPU.Build.0 = Release|Any CPU
	EndGlobalSection
	GlobalSection(SolutionProperties) = preSolution
		HideSolutionNode = FALSE
	EndGlobalSection
	GlobalSection(ExtensibilityGlobals) = postSolution
		SolutionGuid = {2F9D55F1-8FFF-495A-9B60-6B1C0C53764C}
	EndGlobalSection
EndGlobal
